
Microsoft Visual Studio Solution File, Format Version 12.00
# Visual Studio Version 17
VisualStudioVersion = 17.1.32421.90
MinimumVisualStudioVersion = 10.0.40219.1
Project("{2150E333-8FDC-42A3-9474-1A3956D46DE8}") = "Services", "Services", "{909DCC66-CBF4-4DF5-B0F3-1A0492D8B2A3}"
EndProject
Project("{2150E333-8FDC-42A3-9474-1A3956D46DE8}") = "Tutorial", "Tutorial", "{3A333E3F-53E6-4A99-9ABC-5898BE6D2072}"
EndProject
Project("{9A19103F-16F7-4668-BE54-9A1E7A4F7556}") = "Tutorial.API", "Services\Tutorial\Tutorial.API\Tutorial.API.csproj", "{59C305B6-3F64-4555-838C-0DA8890D20A9}"
EndProject
Project("{E53339B2-1760-4266-BCC7-CA923CBCF16C}") = "docker-compose", "docker-compose.dcproj", "{7E8618B3-8DDB-4158-B9EF-D48E47CA09DD}"
EndProject
Project("{2150E333-8FDC-42A3-9474-1A3956D46DE8}") = "Cart", "Cart", "{BA7D6D55-FBAB-400A-95B8-48E6DC3FE2EB}"
EndProject
Project("{9A19103F-16F7-4668-BE54-9A1E7A4F7556}") = "Cart.API", "Services\Cart\Cart.API\Cart.API.csproj", "{914DFD43-7808-438C-AD6D-19064ABEC7D8}"
EndProject
Project("{2150E333-8FDC-42A3-9474-1A3956D46DE8}") = "Discount", "Discount", "{1DC5CCF7-5B74-4401-BB0E-EA062C5D71D7}"
EndProject
Project("{9A19103F-16F7-4668-BE54-9A1E7A4F7556}") = "Discount.API", "Services\Discount\Discount.API\Discount.API.csproj", "{2210BD8B-C2B9-457B-BD1C-9E86138DAB9D}"
EndProject
Project("{9A19103F-16F7-4668-BE54-9A1E7A4F7556}") = "Discount.Grpc", "Services\Discount\Discount.Grpc\Discount.Grpc.csproj", "{0B446D9D-1616-4CB7-94B6-F643F2F7A904}"
EndProject
Project("{2150E333-8FDC-42A3-9474-1A3956D46DE8}") = "Ordering", "Ordering", "{7C994BD4-56A1-4F67-AD4D-729CF29E4FEB}"
EndProject
Project("{9A19103F-16F7-4668-BE54-9A1E7A4F7556}") = "Ordering.API", "Services\Ordering\Ordering.API\Ordering.API.csproj", "{F7F3216D-A009-4321-A411-125C721446A9}"
EndProject
Project("{9A19103F-16F7-4668-BE54-9A1E7A4F7556}") = "Ordering.Domain", "Services\Ordering\Ordering.Domain\Ordering.Domain.csproj", "{4B37D2C7-A199-4B06-9FE2-99AD7C437536}"
EndProject
Project("{9A19103F-16F7-4668-BE54-9A1E7A4F7556}") = "Ordering.Application", "Services\Ordering\Ordering.Application\Ordering.Application.csproj", "{3EA54856-10B6-4566-9CDA-C798CA43CEB2}"
EndProject
Project("{9A19103F-16F7-4668-BE54-9A1E7A4F7556}") = "Ordering.Infrastructure", "Services\Ordering\Ordering.Infrastructure\Ordering.Infrastructure.csproj", "{55CEA4CD-D217-423B-9FFB-D89700EDAA2E}"
EndProject
Project("{2150E333-8FDC-42A3-9474-1A3956D46DE8}") = "BuildingBlocks", "BuildingBlocks", "{73EEA892-923E-4327-82D0-A636B6E300C8}"
EndProject
Project("{9A19103F-16F7-4668-BE54-9A1E7A4F7556}") = "EventBus.Messages", "BuildingBlocks\EventBus.Messages\EventBus.Messages.csproj", "{1CF445CF-38E4-49F6-B7A9-06B13D59D8D3}"
EndProject
Project("{2150E333-8FDC-42A3-9474-1A3956D46DE8}") = "ApiGateways", "ApiGateways", "{DAB92738-20B7-4B26-AE03-DBD89751996A}"
EndProject
Project("{9A19103F-16F7-4668-BE54-9A1E7A4F7556}") = "OcelotApiGw", "ApiGateways\OcelotApiGw\OcelotApiGw.csproj", "{26A9622D-F602-4BF3-A5DB-1329148DAAC0}"
EndProject
Project("{9A19103F-16F7-4668-BE54-9A1E7A4F7556}") = "Shopping.Aggregator", "ApiGateways\Shopping.Aggregator\Shopping.Aggregator.csproj", "{6EA8B43F-87E1-4427-910C-36438369E309}"
EndProject
Project("{9A19103F-16F7-4668-BE54-9A1E7A4F7556}") = "Tutorial.Domain", "Tutorial\Tutorial.Domain\Tutorial.Domain.csproj", "{9EB3521A-63FF-492D-B3CB-0B7156CC1BDD}"
EndProject
Project("{9A19103F-16F7-4668-BE54-9A1E7A4F7556}") = "Tutorial.Application", "Tutorial\Tutorial.Application\Tutorial.Application.csproj", "{AE1F8CE1-5421-482E-9EA7-3B64F8486466}"
EndProject
Project("{9A19103F-16F7-4668-BE54-9A1E7A4F7556}") = "Tutorial.Infrastructure", "Tutorial\Tutorial.Infrastructure\Tutorial.Infrastructure.csproj", "{F26B52BB-D689-4D56-81BE-A503FD4A334A}"
EndProject
Global
	GlobalSection(SolutionConfigurationPlatforms) = preSolution
		Debug|Any CPU = Debug|Any CPU
		Release|Any CPU = Release|Any CPU
	EndGlobalSection
	GlobalSection(ProjectConfigurationPlatforms) = postSolution
		{59C305B6-3F64-4555-838C-0DA8890D20A9}.Debug|Any CPU.ActiveCfg = Debug|Any CPU
		{59C305B6-3F64-4555-838C-0DA8890D20A9}.Debug|Any CPU.Build.0 = Debug|Any CPU
		{59C305B6-3F64-4555-838C-0DA8890D20A9}.Release|Any CPU.ActiveCfg = Release|Any CPU
		{59C305B6-3F64-4555-838C-0DA8890D20A9}.Release|Any CPU.Build.0 = Release|Any CPU
		{7E8618B3-8DDB-4158-B9EF-D48E47CA09DD}.Debug|Any CPU.ActiveCfg = Debug|Any CPU
		{7E8618B3-8DDB-4158-B9EF-D48E47CA09DD}.Debug|Any CPU.Build.0 = Debug|Any CPU
		{7E8618B3-8DDB-4158-B9EF-D48E47CA09DD}.Release|Any CPU.ActiveCfg = Release|Any CPU
		{7E8618B3-8DDB-4158-B9EF-D48E47CA09DD}.Release|Any CPU.Build.0 = Release|Any CPU
		{914DFD43-7808-438C-AD6D-19064ABEC7D8}.Debug|Any CPU.ActiveCfg = Debug|Any CPU
		{914DFD43-7808-438C-AD6D-19064ABEC7D8}.Debug|Any CPU.Build.0 = Debug|Any CPU
		{914DFD43-7808-438C-AD6D-19064ABEC7D8}.Release|Any CPU.ActiveCfg = Release|Any CPU
		{914DFD43-7808-438C-AD6D-19064ABEC7D8}.Release|Any CPU.Build.0 = Release|Any CPU
		{2210BD8B-C2B9-457B-BD1C-9E86138DAB9D}.Debug|Any CPU.ActiveCfg = Debug|Any CPU
		{2210BD8B-C2B9-457B-BD1C-9E86138DAB9D}.Debug|Any CPU.Build.0 = Debug|Any CPU
		{2210BD8B-C2B9-457B-BD1C-9E86138DAB9D}.Release|Any CPU.ActiveCfg = Release|Any CPU
		{2210BD8B-C2B9-457B-BD1C-9E86138DAB9D}.Release|Any CPU.Build.0 = Release|Any CPU
		{0B446D9D-1616-4CB7-94B6-F643F2F7A904}.Debug|Any CPU.ActiveCfg = Debug|Any CPU
		{0B446D9D-1616-4CB7-94B6-F643F2F7A904}.Debug|Any CPU.Build.0 = Debug|Any CPU
		{0B446D9D-1616-4CB7-94B6-F643F2F7A904}.Release|Any CPU.ActiveCfg = Release|Any CPU
		{0B446D9D-1616-4CB7-94B6-F643F2F7A904}.Release|Any CPU.Build.0 = Release|Any CPU
		{F7F3216D-A009-4321-A411-125C721446A9}.Debug|Any CPU.ActiveCfg = Debug|Any CPU
		{F7F3216D-A009-4321-A411-125C721446A9}.Debug|Any CPU.Build.0 = Debug|Any CPU
		{F7F3216D-A009-4321-A411-125C721446A9}.Release|Any CPU.ActiveCfg = Release|Any CPU
		{F7F3216D-A009-4321-A411-125C721446A9}.Release|Any CPU.Build.0 = Release|Any CPU
		{4B37D2C7-A199-4B06-9FE2-99AD7C437536}.Debug|Any CPU.ActiveCfg = Debug|Any CPU
		{4B37D2C7-A199-4B06-9FE2-99AD7C437536}.Debug|Any CPU.Build.0 = Debug|Any CPU
		{4B37D2C7-A199-4B06-9FE2-99AD7C437536}.Release|Any CPU.ActiveCfg = Release|Any CPU
		{4B37D2C7-A199-4B06-9FE2-99AD7C437536}.Release|Any CPU.Build.0 = Release|Any CPU
		{3EA54856-10B6-4566-9CDA-C798CA43CEB2}.Debug|Any CPU.ActiveCfg = Debug|Any CPU
		{3EA54856-10B6-4566-9CDA-C798CA43CEB2}.Debug|Any CPU.Build.0 = Debug|Any CPU
		{3EA54856-10B6-4566-9CDA-C798CA43CEB2}.Release|Any CPU.ActiveCfg = Release|Any CPU
		{3EA54856-10B6-4566-9CDA-C798CA43CEB2}.Release|Any CPU.Build.0 = Release|Any CPU
		{55CEA4CD-D217-423B-9FFB-D89700EDAA2E}.Debug|Any CPU.ActiveCfg = Debug|Any CPU
		{55CEA4CD-D217-423B-9FFB-D89700EDAA2E}.Debug|Any CPU.Build.0 = Debug|Any CPU
		{55CEA4CD-D217-423B-9FFB-D89700EDAA2E}.Release|Any CPU.ActiveCfg = Release|Any CPU
		{55CEA4CD-D217-423B-9FFB-D89700EDAA2E}.Release|Any CPU.Build.0 = Release|Any CPU
		{1CF445CF-38E4-49F6-B7A9-06B13D59D8D3}.Debug|Any CPU.ActiveCfg = Debug|Any CPU
		{1CF445CF-38E4-49F6-B7A9-06B13D59D8D3}.Debug|Any CPU.Build.0 = Debug|Any CPU
		{1CF445CF-38E4-49F6-B7A9-06B13D59D8D3}.Release|Any CPU.ActiveCfg = Release|Any CPU
		{1CF445CF-38E4-49F6-B7A9-06B13D59D8D3}.Release|Any CPU.Build.0 = Release|Any CPU
		{26A9622D-F602-4BF3-A5DB-1329148DAAC0}.Debug|Any CPU.ActiveCfg = Debug|Any CPU
		{26A9622D-F602-4BF3-A5DB-1329148DAAC0}.Debug|Any CPU.Build.0 = Debug|Any CPU
		{26A9622D-F602-4BF3-A5DB-1329148DAAC0}.Release|Any CPU.ActiveCfg = Release|Any CPU
		{26A9622D-F602-4BF3-A5DB-1329148DAAC0}.Release|Any CPU.Build.0 = Release|Any CPU
		{6EA8B43F-87E1-4427-910C-36438369E309}.Debug|Any CPU.ActiveCfg = Debug|Any CPU
		{6EA8B43F-87E1-4427-910C-36438369E309}.Debug|Any CPU.Build.0 = Debug|Any CPU
		{6EA8B43F-87E1-4427-910C-36438369E309}.Release|Any CPU.ActiveCfg = Release|Any CPU
		{6EA8B43F-87E1-4427-910C-36438369E309}.Release|Any CPU.Build.0 = Release|Any CPU
		{9EB3521A-63FF-492D-B3CB-0B7156CC1BDD}.Debug|Any CPU.ActiveCfg = Debug|Any CPU
		{9EB3521A-63FF-492D-B3CB-0B7156CC1BDD}.Debug|Any CPU.Build.0 = Debug|Any CPU
		{9EB3521A-63FF-492D-B3CB-0B7156CC1BDD}.Release|Any CPU.ActiveCfg = Release|Any CPU
		{9EB3521A-63FF-492D-B3CB-0B7156CC1BDD}.Release|Any CPU.Build.0 = Release|Any CPU
		{AE1F8CE1-5421-482E-9EA7-3B64F8486466}.Debug|Any CPU.ActiveCfg = Debug|Any CPU
		{AE1F8CE1-5421-482E-9EA7-3B64F8486466}.Debug|Any CPU.Build.0 = Debug|Any CPU
		{AE1F8CE1-5421-482E-9EA7-3B64F8486466}.Release|Any CPU.ActiveCfg = Release|Any CPU
		{AE1F8CE1-5421-482E-9EA7-3B64F8486466}.Release|Any CPU.Build.0 = Release|Any CPU
		{F26B52BB-D689-4D56-81BE-A503FD4A334A}.Debug|Any CPU.ActiveCfg = Debug|Any CPU
		{F26B52BB-D689-4D56-81BE-A503FD4A334A}.Debug|Any CPU.Build.0 = Debug|Any CPU
		{F26B52BB-D689-4D56-81BE-A503FD4A334A}.Release|Any CPU.ActiveCfg = Release|Any CPU
		{F26B52BB-D689-4D56-81BE-A503FD4A334A}.Release|Any CPU.Build.0 = Release|Any CPU
	EndGlobalSection
	GlobalSection(SolutionProperties) = preSolution
		HideSolutionNode = FALSE
	EndGlobalSection
	GlobalSection(NestedProjects) = preSolution
		{3A333E3F-53E6-4A99-9ABC-5898BE6D2072} = {909DCC66-CBF4-4DF5-B0F3-1A0492D8B2A3}
		{59C305B6-3F64-4555-838C-0DA8890D20A9} = {3A333E3F-53E6-4A99-9ABC-5898BE6D2072}
		{BA7D6D55-FBAB-400A-95B8-48E6DC3FE2EB} = {909DCC66-CBF4-4DF5-B0F3-1A0492D8B2A3}
		{914DFD43-7808-438C-AD6D-19064ABEC7D8} = {BA7D6D55-FBAB-400A-95B8-48E6DC3FE2EB}
		{1DC5CCF7-5B74-4401-BB0E-EA062C5D71D7} = {909DCC66-CBF4-4DF5-B0F3-1A0492D8B2A3}
		{2210BD8B-C2B9-457B-BD1C-9E86138DAB9D} = {1DC5CCF7-5B74-4401-BB0E-EA062C5D71D7}
		{0B446D9D-1616-4CB7-94B6-F643F2F7A904} = {1DC5CCF7-5B74-4401-BB0E-EA062C5D71D7}
		{7C994BD4-56A1-4F67-AD4D-729CF29E4FEB} = {909DCC66-CBF4-4DF5-B0F3-1A0492D8B2A3}
		{F7F3216D-A009-4321-A411-125C721446A9} = {7C994BD4-56A1-4F67-AD4D-729CF29E4FEB}
		{4B37D2C7-A199-4B06-9FE2-99AD7C437536} = {7C994BD4-56A1-4F67-AD4D-729CF29E4FEB}
		{3EA54856-10B6-4566-9CDA-C798CA43CEB2} = {7C994BD4-56A1-4F67-AD4D-729CF29E4FEB}
		{55CEA4CD-D217-423B-9FFB-D89700EDAA2E} = {7C994BD4-56A1-4F67-AD4D-729CF29E4FEB}
		{1CF445CF-38E4-49F6-B7A9-06B13D59D8D3} = {73EEA892-923E-4327-82D0-A636B6E300C8}
		{26A9622D-F602-4BF3-A5DB-1329148DAAC0} = {DAB92738-20B7-4B26-AE03-DBD89751996A}
		{6EA8B43F-87E1-4427-910C-36438369E309} = {DAB92738-20B7-4B26-AE03-DBD89751996A}
		{9EB3521A-63FF-492D-B3CB-0B7156CC1BDD} = {3A333E3F-53E6-4A99-9ABC-5898BE6D2072}
		{AE1F8CE1-5421-482E-9EA7-3B64F8486466} = {3A333E3F-53E6-4A99-9ABC-5898BE6D2072}
		{F26B52BB-D689-4D56-81BE-A503FD4A334A} = {3A333E3F-53E6-4A99-9ABC-5898BE6D2072}
	EndGlobalSection
	GlobalSection(ExtensibilityGlobals) = postSolution
		SolutionGuid = {9BAF3C6E-7A58-46AC-8FF7-CFD52AC03251}
	EndGlobalSection
EndGlobal
